
Microsoft Visual Studio Solution File, Format Version 12.00
# Visual Studio Version 16
VisualStudioVersion = 16.0.29418.71
MinimumVisualStudioVersion = 10.0.40219.1
Project("{FAE04EC0-301F-11D3-BF4B-00C04F79EFBC}") = "Open-Lab-05.04", "Open-Lab-05.04.csproj", "{84E6E072-4981-4650-9C4F-55041C440DD7}"
EndProject
Global
	GlobalSection(SolutionConfigurationPlatforms) = preSolution
		Debug|Any CPU = Debug|Any CPU
		Release|Any CPU = Release|Any CPU
	EndGlobalSection
	GlobalSection(ProjectConfigurationPlatforms) = postSolution
		{84E6E072-4981-4650-9C4F-55041C440DD7}.Debug|Any CPU.ActiveCfg = Debug|Any CPU
		{84E6E072-4981-4650-9C4F-55041C440DD7}.Debug|Any CPU.Build.0 = Debug|Any CPU
		{84E6E072-4981-4650-9C4F-55041C440DD7}.Release|Any CPU.ActiveCfg = Release|Any CPU
		{84E6E072-4981-4650-9C4F-55041C440DD7}.Release|Any CPU.Build.0 = Release|Any CPU
	EndGlobalSection
	GlobalSection(SolutionProperties) = preSolution
		HideSolutionNode = FALSE
	EndGlobalSection
	GlobalSection(ExtensibilityGlobals) = postSolution
		SolutionGuid = {1A19D31E-5A7E-4FFE-9785-B1A4156D2A81}
	EndGlobalSection
EndGlobal
